github.com/davecgh/go-spew v1.1.1 h1:vj9j/u1bqnvCEfJOwUhtlOARqs3+rkHYY13jYWTU97c=
github.com/davecgh/go-spew v1.1.1/go.mod h1:J7Y8YcW2NihsgmVo/mv3lAwl/skON4iLHjSsI+c5H38=
github.com/go-sql-driver/mysql v1.7.1 h1:lUIinVbN1DY0xBg0eMOzmmtGoHwWBbvnWubQUrtU8EI=
github.com/go-sql-driver/mysql v1.7.1/go.mod h1:OXbVy3sEdcQ2Doequ6Z5BW6fXNQTmx+9S1MCJN5yJMI=
github.com/golang-infrastructure/go-goroutine-id v0.0.0-20230331174358-98b48a64077b h1:kt3zNiijgkfPm47YaL4MaQJkw0T7ukEEttnCQMOcWxo=
github.com/golang-infrastructure/go-goroutine-id v0.0.0-20230331174358-98b48a64077b/go.mod h1:1L+eneS0HXUlZP0tmESGhlmpJ3hl063JGz6UQaJCmY0=
github.com/golang-infrastructure/go-iterator v0.0.0-20230524171120-56988a9b127c h1:h4321AFRVv5rTKcColUjE5pa+Y1exG1e6aEXn43L/Eg=
github.com/golang-infrastructure/go-iterator v0.0.0-20230524171120-56988a9b127c/go.mod h1:Guf14ZZ7f7qiE0YpZbUkICcm7LWc3nrn3/gDObT//WI=
github.com/golang-infrastructure/go-pointer v0.0.5 h1:wzZ/XnXKzD3DWECTnUpUh+xAlGSWqfn/pQyusPNsqrQ=
github.com/golang-infrastructure/go-pointer v0.0.5/go.mod h1:SBP0/8QH+mr8LGP/tDo28EQ2b45WqfzjXYbPjmK88g8=
github.com/golang-infrastructure/go-reflect-utils v0.0.0-20221130143747-965ef2eb09c3 h1:jJ7AdpNdLQudsx1hiXY9iwmauHARV4/UB52KnBh9Se0=
github.com/golang-infrastructure/go-reflect-utils v0.0.0-20221130143747-965ef2eb09c3/go.mod h1:zqXYxqOBa1mL2ilBK6PuH/Wb/Iego7en6XhiKWdZQHI=
github.com/google/uuid v1.3.0 h1:t6JiXgmwXMjEs8VusXIJk2BXHsn+wx8BZdTaoZ5fu7I=
github.com/google/uuid v1.3.0/go.mod h1:TIyPZe4MgqvfeYDBFedMoGGpEw/LqOeaOT+nhxU+yHo=
github.com/google/uuid v1.3.1 h1:KjJaJ9iWZ3jOFZIf1Lqf4laDRCasjl0BCmnEGxkdLb4=
github.com/google/uuid v1.3.1/go.mod h1:TIyPZe4MgqvfeYDBFedMoGGpEw/LqOeaOT+nhxU+yHo=
github.com/pmezard/go-difflib v1.0.0 h1:4DBwDE0NGyQoBHbLQYPwSUPoCMWR5BEzIk/f1lZbAQM=
github.com/pmezard/go-difflib v1.0.0/go.mod h1:iKH77koFhYxTK1pcRnkKkqfTogsbg7gZNVY4sRDYZ/4=
github.com/storage-lock/go-events v0.0.0-20230805113632-ff4385b14030 h1:ET3kiNlDgAMW/8WKHUGcpb4GzeQSuGnW4xta2Ri/jgY=
github.com/storage-lock/go-events v0.0.0-20230805113632-ff4385b14030/go.mod h1:LGZzW3f+td+b+i1pphoI9Dge0kDsguFza/YkXLADet0=
github.com/storage-lock/go-events v0.0.1 h1:8abGhlhmJGzn8Pq/LjAbPfAyGs70ZNjwoc7/OITMmUg=
github.com/storage-lock/go-events v0.0.1/go.mod h1:DKwPgfuq8T8CyPLipH+0XHsNt8hEN4g9krUGfosU2oY=
github.com/storage-lock/go-events v0.0.3 h1:QuNbaREe5m1WYC0meKs7SRJ5lY11a18jCJJS/mGD3SA=
github.com/storage-lock/go-events v0.0.3/go.mod h1:DKwPgfuq8T8CyPLipH+0XHsNt8hEN4g9krUGfosU2oY=
github.com/storage-lock/go-mysql-storage v0.0.0-20230806071334-e4b76bf7c609 h1:eLxv+eOumoGt84A5MeK0BSe1GGTpmQXJb/98xO+KMCo=
github.com/storage-lock/go-mysql-storage v0.0.0-20230806071334-e4b76bf7c609/go.mod h1:Fe1guL5dATcVtuS/VtbEjGgvL3qFz/sVsgZ28aMYc40=
github.com/storage-lock/go-mysql-storage v0.0.2 h1:w2y3g7CrSRS7OXAcUoo/wZREwum8IvpCXomzietIwRM=
github.com/storage-lock/go-mysql-storage v0.0.2/go.mod h1:NoVepaBeD+fBjJf4G8nrN0FqD6bM4sXtr/fmOikAM/E=
github.com/storage-lock/go-storage v0.0.0-20230805070648-ce1105955864 h1:0lsu6eydV3zLSPdH4aYrQ3kJ2Tjllac8xzOhIQ5xud0=
github.com/storage-lock/go-storage v0.0.0-20230805070648-ce1105955864/go.mod h1:zJZ0g3C6YyDLxX0T/+vxTiVVXZ449LNiFLNBs535a6E=
github.com/storage-lock/go-storage v0.0.2 h1:N5glUlrr1bbJ8ixYsPmOv+TuhIOObX/65+hrNMPWFDc=
github.com/storage-lock/go-storage v0.0.2/go.mod h1:4vuU2nLdbmzj2UIBKpwB5lj8RI+GnPDZ4YHZ7QAcFHE=
github.com/storage-lock/go-storage-events v0.0.0-20230805074431-3c9e83cd7acb h1:GuAN/qYQi03ucN7QEUxZvo8Q+CAF5N53HoWAwUBGxmk=
github.com/storage-lock/go-storage-events v0.0.0-20230805074431-3c9e83cd7acb/go.mod h1:6a+wteTwNtzVLBEUA8pECe2/2UtkK+wS0tjlnrEHp9k=
github.com/storage-lock/go-storage-events v0.0.2 h1:gXGiltZvRzZOXsjqhlyessa+Zpk4qI2kjyRGAGsknwM=
github.com/storage-lock/go-storage-events v0.0.2/go.mod h1:+8kr/WdyaVUJiCqi2MKZkWxeIF8DmhTm+s0OkE+XKaw=
github.com/storage-lock/go-storage-events v0.0.5 h1:qUgB/VZIQNM0PIos67T9D1JIqu3Yiu3+YDpuHEal3FI=
github.com/storage-lock/go-storage-events v0.0.5/go.mod h1:aBMVsOSr61+BLxO3QnU5FwKd5bdMGE4IpV0oDrAg8uQ=
github.com/storage-lock/go-storage-lock v0.0.0-20230806063848-33d8f297b1c7 h1:0i+jz+Dr2xON3CjM975qyzGMv75fJHqiyLRrtFDMt/w=
github.com/storage-lock/go-storage-lock v0.0.0-20230806063848-33d8f297b1c7/go.mod h1:mtvTCnwMiwIHctDYkUNOIUKEJSJyIefPuPPUFLJtt0c=
github.com/storage-lock/go-storage-lock v0.0.2 h1:bN2UG+PFwBToRtTSv4QjwSg/C3ytr7GASMnW1r4X8ZM=
github.com/storage-lock/go-storage-lock v0.0.2/go.mod h1:M+938bLIuzkC6kvIrOimWPtQyoj8mHcERvRMabtuabk=
github.com/storage-lock/go-storage-lock v0.0.3 h1:eobL73fhfAjLKNk4msQNTYFcilrPKwySXY/5ympfeRU=
github.com/storage-lock/go-storage-lock v0.0.3/go.mod h1:kzyjFhgPmiYMwLuuVoQfYxXPUOIGNETA+Z/wDnRc/iw=
github.com/storage-lock/go-tidb-storage v0.0.0-20230806072828-2487305b6612 h1:KxMR9OM6ItGLLSSdE/QxrjZ+mdkUepDUfXVCaV2kjrM=
github.com/storage-lock/go-tidb-storage v0.0.0-20230806072828-2487305b6612/go.mod h1:+kQ+zRkc1H7i4JRq7hEtaTf/NneD0I0OMw1/+3A9WQY=
github.com/storage-lock/go-tidb-storage v0.0.1 h1:EwLs9CQM6NxN+80ro2VBt7aOR1ptBJlyPq1U9d2HPuo=
github.com/storage-lock/go-tidb-storage v0.0.1/go.mod h1:dsVwVo9lvbAOrfLUlu+TAwHyLDXl8lCHSVuJcquCJ6E=
github.com/storage-lock/go-tidb-storage v0.0.2-0.20230831125703-a81adc473be0 h1:ZDTbhYXp76lqYagI+XDSQyIqbS+a+/RNu4bksAs0ego=
github.com/storage-lock/go-tidb-storage v0.0.2-0.20230831125703-a81adc473be0/go.mod h1:kZVVL2U6IvjPBuVlH9ymAOnu9M+JPkxZ4UhaML1Z6yI=
github.com/storage-lock/go-utils v0.0.0-20230804131655-6dbe431cdc1a h1:6nSZOPYmogTELlp3ZUmzTbOupdrH7OomezDMKHnSAzA=
github.com/storage-lock/go-utils v0.0.0-20230804131655-6dbe431cdc1a/go.mod h1:V0M52rFAkNt77MA3odRqwkl1xRkswsEcX/neFbgmhZY=
github.com/storage-lock/go-utils v0.0.2 h1:pdacTOlD+AHqwWVmDqZLcjKF+7p8TjsmlvZ9bmmkIfE=
github.com/storage-lock/go-utils v0.0.2/go.mod h1:tx8ATHL7yOC0Nyjpba7hJNk0+QNt2XEnMr8NcGm9Gak=
github.com/stretchr/testify v1.8.4 h1:CcVxjf3Q8PM0mHUKJCdn+eZZtm5yQwehR5yeSVQQcUk=
github.com/stretchr/testify v1.8.4/go.mod h1:sz/lmYIOXD/1dqDmKjjqLyZ2RngseejIcXlSw2iwfAo=
gopkg.in/check.v1 v0.0.0-20161208181325-20d25e280405/go.mod h1:Co6ibVJAznAaIkqp8huTwlJQCZ016jof/cbN4VW5Yz0=
gopkg.in/yaml.v3 v3.0.1 h1:fxVm/GzAzEWqLHuvctI91KS9hhNmmWOoWu0XTYJS7CA=
gopkg.in/yaml.v3 v3.0.1/go.mod h1:K4uyk7z7BCEPqu6E+C64Yfv1cQ7kz7rIZviUmN+EgEM=
